
Microsoft Visual Studio Solution File, Format Version 12.00
# Visual Studio Version 17
VisualStudioVersion = 17.10.35122.118
MinimumVisualStudioVersion = 10.0.40219.1
Project("{FAE04EC0-301F-11D3-BF4B-00C04F79EFBC}") = "API_QR", "API_QR\API_QR.csproj", "{0CB736DD-EA47-4258-AB60-FB4C6A0F9EDA}"
EndProject
Global
	GlobalSection(SolutionConfigurationPlatforms) = preSolution
		Debug|Any CPU = Debug|Any CPU
		Release|Any CPU = Release|Any CPU
	EndGlobalSection
	GlobalSection(ProjectConfigurationPlatforms) = postSolution
		{0CB736DD-EA47-4258-AB60-FB4C6A0F9EDA}.Debug|Any CPU.ActiveCfg = Debug|Any CPU
		{0CB736DD-EA47-4258-AB60-FB4C6A0F9EDA}.Debug|Any CPU.Build.0 = Debug|Any CPU
		{0CB736DD-EA47-4258-AB60-FB4C6A0F9EDA}.Release|Any CPU.ActiveCfg = Release|Any CPU
		{0CB736DD-EA47-4258-AB60-FB4C6A0F9EDA}.Release|Any CPU.Build.0 = Release|Any CPU
	EndGlobalSection
	GlobalSection(SolutionProperties) = preSolution
		HideSolutionNode = FALSE
	EndGlobalSection
	GlobalSection(ExtensibilityGlobals) = postSolution
		SolutionGuid = {037B4CC7-8BD3-4F09-AB58-7754CC632690}
	EndGlobalSection
EndGlobal
